
Microsoft Visual Studio Solution File, Format Version 12.00
# Visual Studio 2013
VisualStudioVersion = 12.0.31101.0
MinimumVisualStudioVersion = 10.0.40219.1
Project("{FAE04EC0-301F-11D3-BF4B-00C04F79EFBC}") = "nmct.ba.cashlessproject.ui", "nmct.ba.cashlessproject.ui\nmct.ba.cashlessproject.ui.csproj", "{5B6527EC-F7CD-49A0-A195-4BE48C4FCBF1}"
EndProject
Project("{FAE04EC0-301F-11D3-BF4B-00C04F79EFBC}") = "nmct.ba.cashlessproject.web", "nmct.ba.cashlessproject.web\nmct.ba.cashlessproject.web.csproj", "{F0DA09F6-0233-47A6-8023-AFDF13BE5036}"
EndProject
Project("{FAE04EC0-301F-11D3-BF4B-00C04F79EFBC}") = "nmct.ba.cashlessproject.lib", "nmct.ba.cashlessproject.lib\nmct.ba.cashlessproject.lib.csproj", "{A6488B57-91CC-49E3-974E-13663CD631CE}"
EndProject
Project("{FAE04EC0-301F-11D3-BF4B-00C04F79EFBC}") = "nmct.ba.cashlessproject.management", "nmct.ba.cashlessproject.management\nmct.ba.cashlessproject.management.csproj", "{E7784372-0235-483A-9CCE-27F35FCA42A9}"
EndProject
Project("{FAE04EC0-301F-11D3-BF4B-00C04F79EFBC}") = "nmct.ba.cashlessproject.klant", "nmct.ba.cashlessproject.klant\nmct.ba.cashlessproject.klant.csproj", "{C2470B29-B2A9-4E5A-A978-FDD8B4654753}"
EndProject
Project("{FAE04EC0-301F-11D3-BF4B-00C04F79EFBC}") = "nmct.ba.cashlessproject.medewerker", "nmct.ba.cashlessproject.medewerker\nmct.ba.cashlessproject.medewerker.csproj", "{D24E243B-3BE3-4566-B00A-D6DA042E54A9}"
EndProject
Project("{FAE04EC0-301F-11D3-BF4B-00C04F79EFBC}") = "nmct.ba.cashlessproject.test.beid", "nmct.ba.cashlessproject.test.beid\nmct.ba.cashlessproject.test.beid.csproj", "{D1264803-1A5D-4816-A061-B72FCAEA7BAB}"
EndProject
Global
	GlobalSection(SolutionConfigurationPlatforms) = preSolution
		Debug|Any CPU = Debug|Any CPU
		Debug|x64 = Debug|x64
		Release|Any CPU = Release|Any CPU
		Release|x64 = Release|x64
	EndGlobalSection
	GlobalSection(ProjectConfigurationPlatforms) = postSolution
		{5B6527EC-F7CD-49A0-A195-4BE48C4FCBF1}.Debug|Any CPU.ActiveCfg = Debug|Any CPU
		{5B6527EC-F7CD-49A0-A195-4BE48C4FCBF1}.Debug|Any CPU.Build.0 = Debug|Any CPU
		{5B6527EC-F7CD-49A0-A195-4BE48C4FCBF1}.Debug|x64.ActiveCfg = Debug|Any CPU
		{5B6527EC-F7CD-49A0-A195-4BE48C4FCBF1}.Release|Any CPU.ActiveCfg = Release|Any CPU
		{5B6527EC-F7CD-49A0-A195-4BE48C4FCBF1}.Release|Any CPU.Build.0 = Release|Any CPU
		{5B6527EC-F7CD-49A0-A195-4BE48C4FCBF1}.Release|x64.ActiveCfg = Release|Any CPU
		{F0DA09F6-0233-47A6-8023-AFDF13BE5036}.Debug|Any CPU.ActiveCfg = Debug|Any CPU
		{F0DA09F6-0233-47A6-8023-AFDF13BE5036}.Debug|Any CPU.Build.0 = Debug|Any CPU
		{F0DA09F6-0233-47A6-8023-AFDF13BE5036}.Debug|x64.ActiveCfg = Debug|Any CPU
		{F0DA09F6-0233-47A6-8023-AFDF13BE5036}.Release|Any CPU.ActiveCfg = Release|Any CPU
		{F0DA09F6-0233-47A6-8023-AFDF13BE5036}.Release|Any CPU.Build.0 = Release|Any CPU
		{F0DA09F6-0233-47A6-8023-AFDF13BE5036}.Release|x64.ActiveCfg = Release|Any CPU
		{A6488B57-91CC-49E3-974E-13663CD631CE}.Debug|Any CPU.ActiveCfg = Debug|Any CPU
		{A6488B57-91CC-49E3-974E-13663CD631CE}.Debug|Any CPU.Build.0 = Debug|Any CPU
		{A6488B57-91CC-49E3-974E-13663CD631CE}.Debug|x64.ActiveCfg = Debug|Any CPU
		{A6488B57-91CC-49E3-974E-13663CD631CE}.Release|Any CPU.ActiveCfg = Release|Any CPU
		{A6488B57-91CC-49E3-974E-13663CD631CE}.Release|Any CPU.Build.0 = Release|Any CPU
		{A6488B57-91CC-49E3-974E-13663CD631CE}.Release|x64.ActiveCfg = Release|Any CPU
		{E7784372-0235-483A-9CCE-27F35FCA42A9}.Debug|Any CPU.ActiveCfg = Debug|Any CPU
		{E7784372-0235-483A-9CCE-27F35FCA42A9}.Debug|Any CPU.Build.0 = Debug|Any CPU
		{E7784372-0235-483A-9CCE-27F35FCA42A9}.Debug|x64.ActiveCfg = Debug|Any CPU
		{E7784372-0235-483A-9CCE-27F35FCA42A9}.Release|Any CPU.ActiveCfg = Release|Any CPU
		{E7784372-0235-483A-9CCE-27F35FCA42A9}.Release|Any CPU.Build.0 = Release|Any CPU
		{E7784372-0235-483A-9CCE-27F35FCA42A9}.Release|x64.ActiveCfg = Release|Any CPU
		{C2470B29-B2A9-4E5A-A978-FDD8B4654753}.Debug|Any CPU.ActiveCfg = Debug|Any CPU
		{C2470B29-B2A9-4E5A-A978-FDD8B4654753}.Debug|Any CPU.Build.0 = Debug|Any CPU
		{C2470B29-B2A9-4E5A-A978-FDD8B4654753}.Debug|x64.ActiveCfg = Debug|Any CPU
		{C2470B29-B2A9-4E5A-A978-FDD8B4654753}.Debug|x64.Build.0 = Debug|Any CPU
		{C2470B29-B2A9-4E5A-A978-FDD8B4654753}.Release|Any CPU.ActiveCfg = Release|Any CPU
		{C2470B29-B2A9-4E5A-A978-FDD8B4654753}.Release|Any CPU.Build.0 = Release|Any CPU
		{C2470B29-B2A9-4E5A-A978-FDD8B4654753}.Release|x64.ActiveCfg = Release|x64
		{C2470B29-B2A9-4E5A-A978-FDD8B4654753}.Release|x64.Build.0 = Release|x64
		{D24E243B-3BE3-4566-B00A-D6DA042E54A9}.Debug|Any CPU.ActiveCfg = Debug|Any CPU
		{D24E243B-3BE3-4566-B00A-D6DA042E54A9}.Debug|Any CPU.Build.0 = Debug|Any CPU
		{D24E243B-3BE3-4566-B00A-D6DA042E54A9}.Debug|x64.ActiveCfg = Debug|Any CPU
		{D24E243B-3BE3-4566-B00A-D6DA042E54A9}.Release|Any CPU.ActiveCfg = Release|Any CPU
		{D24E243B-3BE3-4566-B00A-D6DA042E54A9}.Release|Any CPU.Build.0 = Release|Any CPU
		{D24E243B-3BE3-4566-B00A-D6DA042E54A9}.Release|x64.ActiveCfg = Release|Any CPU
		{D1264803-1A5D-4816-A061-B72FCAEA7BAB}.Debug|Any CPU.ActiveCfg = Debug|Any CPU
		{D1264803-1A5D-4816-A061-B72FCAEA7BAB}.Debug|Any CPU.Build.0 = Debug|Any CPU
		{D1264803-1A5D-4816-A061-B72FCAEA7BAB}.Debug|x64.ActiveCfg = Debug|Any CPU
		{D1264803-1A5D-4816-A061-B72FCAEA7BAB}.Release|Any CPU.ActiveCfg = Release|Any CPU
		{D1264803-1A5D-4816-A061-B72FCAEA7BAB}.Release|Any CPU.Build.0 = Release|Any CPU
		{D1264803-1A5D-4816-A061-B72FCAEA7BAB}.Release|x64.ActiveCfg = Release|Any CPU
	EndGlobalSection
	GlobalSection(SolutionProperties) = preSolution
		HideSolutionNode = FALSE
	EndGlobalSection
EndGlobal
